{
  "name": "simply-social-videos",
  "lockfileVersion": 3,
  "requires": true,
  "packages": {
    "": {
      "dependencies": {
        "dotenv": "^16.4.5",
        "twitter-api-v2": "^1.17.0"
      }
    },
    "node_modules/dotenv": {
      "version": "16.4.5",
      "resolved": "https://registry.npmjs.org/dotenv/-/dotenv-16.4.5.tgz",
      "integrity": "sha512-ZmdL2rui+eB2YwhsWzjInR8LldtZHGDoQ1ugH85ppHKwpUHL7j7rN0Ti9NCnGiQbhaZ11FpR+7ao1dNsmduNUg==",
      "engines": {
        "node": ">=12"
      },
      "funding": {
        "url": "https://dotenvx.com"
      }
    },
    "node_modules/twitter-api-v2": {
      "version": "1.17.0",
      "resolved": "https://registry.npmjs.org/twitter-api-v2/-/twitter-api-v2-1.17.0.tgz",
      "integrity": "sha512-znu5Lvu+2KGmjWfOgwtnzNBq8CtaCft5+1+MootxOOEQ2vhmgHa3eAo0tFAJ7M8M0eXDKldY0DNcndn8gGdAIw=="
    }
  }
}
